
Microsoft Visual Studio Solution File, Format Version 12.00
# Visual Studio Version 17
VisualStudioVersion = 17.8.34330.188
MinimumVisualStudioVersion = 10.0.40219.1
Project("{FAE04EC0-301F-11D3-BF4B-00C04F79EFBC}") = "CSskins", "CSskins\CSskins.csproj", "{42A89136-76A6-4815-8C87-23197E84B87D}"
EndProject
Global
	GlobalSection(SolutionConfigurationPlatforms) = preSolution
		Debug|Any CPU = Debug|Any CPU
		Release|Any CPU = Release|Any CPU
	EndGlobalSection
	GlobalSection(ProjectConfigurationPlatforms) = postSolution
		{42A89136-76A6-4815-8C87-23197E84B87D}.Debug|Any CPU.ActiveCfg = Debug|Any CPU
		{42A89136-76A6-4815-8C87-23197E84B87D}.Debug|Any CPU.Build.0 = Debug|Any CPU
		{42A89136-76A6-4815-8C87-23197E84B87D}.Release|Any CPU.ActiveCfg = Release|Any CPU
		{42A89136-76A6-4815-8C87-23197E84B87D}.Release|Any CPU.Build.0 = Release|Any CPU
	EndGlobalSection
	GlobalSection(SolutionProperties) = preSolution
		HideSolutionNode = FALSE
	EndGlobalSection
	GlobalSection(ExtensibilityGlobals) = postSolution
		SolutionGuid = {FCB5994B-B578-4DAC-B592-8560CF1EACC3}
	EndGlobalSection
EndGlobal
